{
  "name": "which-dialect-monorepo",
  "lockfileVersion": 3,
  "requires": true,
  "packages": {
    "": {
      "name": "which-dialect-monorepo",
      "workspaces": [
        "packages/*"
      ],
      "devDependencies": {
        "@types/node": "^22.10.0",
        "typescript": "^5.8.0"
      },
      "engines": {
        "node": ">=22.6"
      }
    },
    "node_modules/@types/node": {
      "version": "22.20.4",
      "dev": true,
      "license": "MIT",
      "dependencies": {
        "undici-types": "~6.21.0"
      }
    },
    "node_modules/typescript": {
      "version": "5.9.3",
      "dev": true,
      "license": "Apache-2.0",
      "bin": {
        "tsc": "bin/tsc",
        "tsserver": "bin/tsserver"
      },
      "engines": {
        "node": ">=14.17"
      }
    },
    "node_modules/undici-types": {
      "version": "6.21.0",
      "dev": true,
      "license": "MIT"
    },
    "node_modules/which-dialect": {
      "resolved": "packages/core",
      "link": true
    },
    "node_modules/which-dialect-en": {
      "resolved": "packages/en",
      "link": true
    },
    "node_modules/which-dialect-es": {
      "resolved": "packages/es",
      "link": true
    },
    "node_modules/which-dialect-vi": {
      "resolved": "packages/vi",
      "link": true
    },
    "packages/core": {
      "name": "which-dialect",
      "version": "0.1.0",
      "license": "MIT"
    },
    "packages/en": {
      "name": "which-dialect-en",
      "version": "0.1.0",
      "license": "CC-BY-SA-4.0"
    },
    "packages/es": {
      "name": "which-dialect-es",
      "version": "0.1.0",
      "license": "CC-BY-SA-4.0"
    },
    "packages/vi": {
      "name": "which-dialect-vi",
      "version": "0.1.0",
      "license": "CC-BY-SA-4.0"
    }
  }
}
